
Microsoft Visual Studio Solution File, Format Version 12.00
# Visual Studio Version 16
VisualStudioVersion = 16.0.31911.196
MinimumVisualStudioVersion = 10.0.40219.1
Project("{FAE04EC0-301F-11D3-BF4B-00C04F79EFBC}") = "Tienda de Abarrotes", "Tienda de Abarrotes\Tienda de Abarrotes.csproj", "{45CF0D1D-BFA9-4B9E-8599-031C9FE00000}"
EndProject
Global
	GlobalSection(SolutionConfigurationPlatforms) = preSolution
		Debug|Any CPU = Debug|Any CPU
		Release|Any CPU = Release|Any CPU
	EndGlobalSection
	GlobalSection(ProjectConfigurationPlatforms) = postSolution
		{45CF0D1D-BFA9-4B9E-8599-031C9FE00000}.Debug|Any CPU.ActiveCfg = Debug|Any CPU
		{45CF0D1D-BFA9-4B9E-8599-031C9FE00000}.Debug|Any CPU.Build.0 = Debug|Any CPU
		{45CF0D1D-BFA9-4B9E-8599-031C9FE00000}.Release|Any CPU.ActiveCfg = Release|Any CPU
		{45CF0D1D-BFA9-4B9E-8599-031C9FE00000}.Release|Any CPU.Build.0 = Release|Any CPU
	EndGlobalSection
	GlobalSection(SolutionProperties) = preSolution
		HideSolutionNode = FALSE
	EndGlobalSection
	GlobalSection(ExtensibilityGlobals) = postSolution
		SolutionGuid = {57479405-C18E-47E7-A653-1C20537EA8FD}
	EndGlobalSection
EndGlobal
